
Microsoft Visual Studio Solution File, Format Version 12.00
# Visual Studio Version 17
VisualStudioVersion = 17.12.35728.132 d17.12
MinimumVisualStudioVersion = 10.0.40219.1
Project("{8BC9CEB8-8B4A-11D0-8D11-00A0C91BC942}") = "SandBox", "SandBox\SandBox.vcxproj", "{6718FF22-4562-4A64-9BE7-330A4AB51F51}"
EndProject
Project("{8BC9CEB8-8B4A-11D0-8D11-00A0C91BC942}") = "Hazel", "Hazel\Hazel.vcxproj", "{94A62B2A-00E6-406A-AC77-0D2273F84CC6}"
EndProject
Global
	GlobalSection(SolutionConfigurationPlatforms) = preSolution
		Debug|x64 = Debug|x64
		Release|x64 = Release|x64
	EndGlobalSection
	GlobalSection(ProjectConfigurationPlatforms) = postSolution
		{94A62B2A-00E6-406A-AC77-0D2273F84CC6}.Debug|x64.ActiveCfg = Debug|x64
		{94A62B2A-00E6-406A-AC77-0D2273F84CC6}.Debug|x64.Build.0 = Debug|x64
		{94A62B2A-00E6-406A-AC77-0D2273F84CC6}.Release|x64.ActiveCfg = Release|x64
		{94A62B2A-00E6-406A-AC77-0D2273F84CC6}.Release|x64.Build.0 = Release|x64
		{6718FF22-4562-4A64-9BE7-330A4AB51F51}.Debug|x64.ActiveCfg = Debug|x64
		{6718FF22-4562-4A64-9BE7-330A4AB51F51}.Debug|x64.Build.0 = Debug|x64
		{6718FF22-4562-4A64-9BE7-330A4AB51F51}.Release|x64.ActiveCfg = Release|x64
		{6718FF22-4562-4A64-9BE7-330A4AB51F51}.Release|x64.Build.0 = Release|x64
	EndGlobalSection
	GlobalSection(SolutionProperties) = preSolution
		HideSolutionNode = FALSE
	EndGlobalSection
EndGlobal
